
Microsoft Visual Studio Solution File, Format Version 12.00
# Visual Studio Version 16
VisualStudioVersion = 16.0.29409.12
MinimumVisualStudioVersion = 10.0.40219.1
Project("{9A19103F-16F7-4668-BE54-9A1E7A4F7556}") = "Store.Business", "Store.Business\Store.Business.csproj", "{D5413AF4-4EF9-4F51-B0A2-5C7075EB851A}"
EndProject
Project("{9A19103F-16F7-4668-BE54-9A1E7A4F7556}") = "Store.Data", "Store.Data\Store.Data.csproj", "{1CE1FE77-1573-4637-9E6D-BBCA376713C0}"
EndProject
Project("{9A19103F-16F7-4668-BE54-9A1E7A4F7556}") = "Store.Infrastructure", "Store.Infrastructure\Store.Infrastructure.csproj", "{78AB95CC-7BB7-4291-9A73-2D9EB8AB69FA}"
EndProject
Project("{9A19103F-16F7-4668-BE54-9A1E7A4F7556}") = "Store.Tests", "Store.Tests\Store.Tests.csproj", "{6C4D5E76-CE6D-4AF6-9923-FD77FB41A174}"
EndProject
Project("{9A19103F-16F7-4668-BE54-9A1E7A4F7556}") = "Store", "Store\Store.csproj", "{14577418-5522-4CE6-86B0-99777B8B4009}"
EndProject
Global
	GlobalSection(SolutionConfigurationPlatforms) = preSolution
		Debug|Any CPU = Debug|Any CPU
		Release|Any CPU = Release|Any CPU
	EndGlobalSection
	GlobalSection(ProjectConfigurationPlatforms) = postSolution
		{D5413AF4-4EF9-4F51-B0A2-5C7075EB851A}.Debug|Any CPU.ActiveCfg = Debug|Any CPU
		{D5413AF4-4EF9-4F51-B0A2-5C7075EB851A}.Debug|Any CPU.Build.0 = Debug|Any CPU
		{D5413AF4-4EF9-4F51-B0A2-5C7075EB851A}.Release|Any CPU.ActiveCfg = Release|Any CPU
		{D5413AF4-4EF9-4F51-B0A2-5C7075EB851A}.Release|Any CPU.Build.0 = Release|Any CPU
		{1CE1FE77-1573-4637-9E6D-BBCA376713C0}.Debug|Any CPU.ActiveCfg = Debug|Any CPU
		{1CE1FE77-1573-4637-9E6D-BBCA376713C0}.Debug|Any CPU.Build.0 = Debug|Any CPU
		{1CE1FE77-1573-4637-9E6D-BBCA376713C0}.Release|Any CPU.ActiveCfg = Release|Any CPU
		{1CE1FE77-1573-4637-9E6D-BBCA376713C0}.Release|Any CPU.Build.0 = Release|Any CPU
		{78AB95CC-7BB7-4291-9A73-2D9EB8AB69FA}.Debug|Any CPU.ActiveCfg = Debug|Any CPU
		{78AB95CC-7BB7-4291-9A73-2D9EB8AB69FA}.Debug|Any CPU.Build.0 = Debug|Any CPU
		{78AB95CC-7BB7-4291-9A73-2D9EB8AB69FA}.Release|Any CPU.ActiveCfg = Release|Any CPU
		{78AB95CC-7BB7-4291-9A73-2D9EB8AB69FA}.Release|Any CPU.Build.0 = Release|Any CPU
		{6C4D5E76-CE6D-4AF6-9923-FD77FB41A174}.Debug|Any CPU.ActiveCfg = Debug|Any CPU
		{6C4D5E76-CE6D-4AF6-9923-FD77FB41A174}.Debug|Any CPU.Build.0 = Debug|Any CPU
		{6C4D5E76-CE6D-4AF6-9923-FD77FB41A174}.Release|Any CPU.ActiveCfg = Release|Any CPU
		{6C4D5E76-CE6D-4AF6-9923-FD77FB41A174}.Release|Any CPU.Build.0 = Release|Any CPU
		{14577418-5522-4CE6-86B0-99777B8B4009}.Debug|Any CPU.ActiveCfg = Debug|Any CPU
		{14577418-5522-4CE6-86B0-99777B8B4009}.Debug|Any CPU.Build.0 = Debug|Any CPU
		{14577418-5522-4CE6-86B0-99777B8B4009}.Release|Any CPU.ActiveCfg = Release|Any CPU
		{14577418-5522-4CE6-86B0-99777B8B4009}.Release|Any CPU.Build.0 = Release|Any CPU
	EndGlobalSection
	GlobalSection(SolutionProperties) = preSolution
		HideSolutionNode = FALSE
	EndGlobalSection
	GlobalSection(ExtensibilityGlobals) = postSolution
		SolutionGuid = {774BE9F1-7CCA-4DF0-AB34-C1BF70E2819D}
	EndGlobalSection
EndGlobal
